{
  "name": "bike_mapper",
  "lockfileVersion": 2,
  "requires": true,
  "packages": {
    "": {
      "devDependencies": {
        "@types/mapbox-gl": "^3.4.1"
      }
    },
    "node_modules/@types/geojson": {
      "version": "7946.0.16",
      "resolved": "https://registry.npmjs.org/@types/geojson/-/geojson-7946.0.16.tgz",
      "integrity": "sha512-6C8nqWur3j98U6+lXDfTUWIfgvZU+EumvpHKcYjujKH7woYyLj2sUmff0tRhrqM7BohUw7Pz3ZB1jj2gW9Fvmg==",
      "dev": true
    },
    "node_modules/@types/mapbox-gl": {
      "version": "3.4.1",
      "resolved": "https://registry.npmjs.org/@types/mapbox-gl/-/mapbox-gl-3.4.1.tgz",
      "integrity": "sha512-NsGKKtgW93B+UaLPti6B7NwlxYlES5DpV5Gzj9F75rK5ALKsqSk15CiEHbOnTr09RGbr6ZYiCdI+59NNNcAImg==",
      "dev": true,
      "dependencies": {
        "@types/geojson": "*"
      }
    }
  },
  "dependencies": {
    "@types/geojson": {
      "version": "7946.0.16",
      "resolved": "https://registry.npmjs.org/@types/geojson/-/geojson-7946.0.16.tgz",
      "integrity": "sha512-6C8nqWur3j98U6+lXDfTUWIfgvZU+EumvpHKcYjujKH7woYyLj2sUmff0tRhrqM7BohUw7Pz3ZB1jj2gW9Fvmg==",
      "dev": true
    },
    "@types/mapbox-gl": {
      "version": "3.4.1",
      "resolved": "https://registry.npmjs.org/@types/mapbox-gl/-/mapbox-gl-3.4.1.tgz",
      "integrity": "sha512-NsGKKtgW93B+UaLPti6B7NwlxYlES5DpV5Gzj9F75rK5ALKsqSk15CiEHbOnTr09RGbr6ZYiCdI+59NNNcAImg==",
      "dev": true,
      "requires": {
        "@types/geojson": "*"
      }
    }
  }
}
